// !$*UTF8*$!
{
	archiveVersion = 1;
	classes = {
	};
	objectVersion = 56;
	objects = {

/* Begin PBXBuildFile section */
		182E34AB2A7D5CA3003E960A /* TableViewCell1.swift in Sources */ = {isa = PBXBuildFile; fileRef = 182E34AA2A7D5CA3003E960A /* TableViewCell1.swift */; };
		184CE2A02A7D5931006D5CEC /* AppDelegate.swift in Sources */ = {isa = PBXBuildFile; fileRef = 184CE29F2A7D5931006D5CEC /* AppDelegate.swift */; };
		184CE2A22A7D5931006D5CEC /* SceneDelegate.swift in Sources */ = {isa = PBXBuildFile; fileRef = 184CE2A12A7D5931006D5CEC /* SceneDelegate.swift */; };
		184CE2A42A7D5931006D5CEC /* ViewController.swift in Sources */ = {isa = PBXBuildFile; fileRef = 184CE2A32A7D5931006D5CEC /* ViewController.swift */; };
		184CE2A72A7D5931006D5CEC /* Main.storyboard in Resources */ = {isa = PBXBuildFile; fileRef = 184CE2A52A7D5931006D5CEC /* Main.storyboard */; };
		184CE2A92A7D5933006D5CEC /* Assets.xcassets in Resources */ = {isa = PBXBuildFile; fileRef = 184CE2A82A7D5933006D5CEC /* Assets.xcassets */; };
		184CE2AC2A7D5933006D5CEC /* LaunchScreen.storyboard in Resources */ = {isa = PBXBuildFile; fileRef = 184CE2AA2A7D5933006D5CEC /* LaunchScreen.storyboard */; };
		18CA50C22A7FF7DD002C9F3B /* ViewController1.swift in Sources */ = {isa = PBXBuildFile; fileRef = 18CA50C12A7FF7DD002C9F3B /* ViewController1.swift */; };
		7C0A68872AEE38112B020BF5 /* Pods_Api_Calling2.framework in Frameworks */ = {isa = PBXBuildFile; fileRef = A932D9E7C71C7C81CEEFC0F7 /* Pods_Api_Calling2.framework */; };
/* End PBXBuildFile section */

/* Begin PBXFileReference section */
		182E34AA2A7D5CA3003E960A /* TableViewCell1.swift */ = {isa = PBXFileReference; lastKnownFileType = sourcecode.swift; path = TableViewCell1.swift; sourceTree = "<group>"; };
		184CE29F2A7D5931006D5CEC /* AppDelegate.swift */ = {isa = PBXFileReference; lastKnownFileType = sourcecode.swift; path = AppDelegate.swift; sourceTree = "<group>"; };
		184CE2A12A7D5931006D5CEC /* SceneDelegate.swift */ = {isa = PBXFileReference; lastKnownFileType = sourcecode.swift; path = SceneDelegate.swift; sourceTree = "<group>"; };
		184CE2A32A7D5931006D5CEC /* ViewController.swift */ = {isa = PBXFileReference; lastKnownFileType = sourcecode.swift; path = ViewController.swift; sourceTree = "<group>"; };
		184CE2A62A7D5931006D5CEC /* Base */ = {isa = PBXFileReference; lastKnownFileType = file.storyboard; name = Base; path = Base.lproj/Main.storyboard; sourceTree = "<group>"; };
		184CE2A82A7D5933006D5CEC /* Assets.xcassets */ = {isa = PBXFileReference; lastKnownFileType = folder.assetcatalog; path = Assets.xcassets; sourceTree = "<group>"; };
		184CE2AB2A7D5933006D5CEC /* Base */ = {isa = PBXFileReference; lastKnownFileType = file.storyboard; name = Base; path = Base.lproj/LaunchScreen.storyboard; sourceTree = "<group>"; };
		184CE2AD2A7D5933006D5CEC /* Info.plist */ = {isa = PBXFileReference; lastKnownFileType = text.plist.xml; path = Info.plist; sourceTree = "<group>"; };
		18B1C1F62A81F83E00FB9033 /* Api Calling2.app */ = {isa = PBXFileReference; explicitFileType = wrapper.application; includeInIndex = 0; name = "Api Calling2.app"; path = "/Users/neel/Documents/api/Api Calling2/build/Debug-iphoneos/Api Calling2.app"; sourceTree = "<absolute>"; };
		18CA50C12A7FF7DD002C9F3B /* ViewController1.swift */ = {isa = PBXFileReference; lastKnownFileType = sourcecode.swift; path = ViewController1.swift; sourceTree = "<group>"; };
		A932D9E7C71C7C81CEEFC0F7 /* Pods_Api_Calling2.framework */ = {isa = PBXFileReference; explicitFileType = wrapper.framework; includeInIndex = 0; path = Pods_Api_Calling2.framework; sourceTree = BUILT_PRODUCTS_DIR; };
		C540C266C23489429CD27993 /* Pods-Api Calling2.debug.xcconfig */ = {isa = PBXFileReference; includeInIndex = 1; lastKnownFileType = text.xcconfig; name = "Pods-Api Calling2.debug.xcconfig"; path = "Target Support Files/Pods-Api Calling2/Pods-Api Calling2.debug.xcconfig"; sourceTree = "<group>"; };
		CE6BE48508630D31BDAD21C9 /* Pods-Api Calling2.release.xcconfig */ = {isa = PBXFileReference; includeInIndex = 1; lastKnownFileType = text.xcconfig; name = "Pods-Api Calling2.release.xcconfig"; path = "Target Support Files/Pods-Api Calling2/Pods-Api Calling2.release.xcconfig"; sourceTree = "<group>"; };
/* End PBXFileReference section */

/* Begin PBXFrameworksBuildPhase section */
		184CE2992A7D5931006D5CEC /* Frameworks */ = {
			isa = PBXFrameworksBuildPhase;
			buildActionMask = 2147483647;
			files = (
				7C0A68872AEE38112B020BF5 /* Pods_Api_Calling2.framework in Frameworks */,
			);
			runOnlyForDeploymentPostprocessing = 0;
		};
/* End PBXFrameworksBuildPhase section */

/* Begin PBXGroup section */
		184CE2932A7D5931006D5CEC = {
			isa = PBXGroup;
			children = (
				184CE29E2A7D5931006D5CEC /* Api Calling2 */,
				410FBEB1F9AB54A88B6C4FD7 /* Pods */,
				52E0BBA3EBC0306B2E03A60E /* Frameworks */,
			);
			sourceTree = "<group>";
		};
		184CE29E2A7D5931006D5CEC /* Api Calling2 */ = {
			isa = PBXGroup;
			children = (
				184CE29F2A7D5931006D5CEC /* AppDelegate.swift */,
				184CE2A12A7D5931006D5CEC /* SceneDelegate.swift */,
				184CE2A32A7D5931006D5CEC /* ViewController.swift */,
				18CA50C12A7FF7DD002C9F3B /* ViewController1.swift */,
				182E34AA2A7D5CA3003E960A /* TableViewCell1.swift */,
				184CE2A52A7D5931006D5CEC /* Main.storyboard */,
				184CE2A82A7D5933006D5CEC /* Assets.xcassets */,
				184CE2AA2A7D5933006D5CEC /* LaunchScreen.storyboard */,
				184CE2AD2A7D5933006D5CEC /* Info.plist */,
			);
			path = "Api Calling2";
			sourceTree = "<group>";
		};
		410FBEB1F9AB54A88B6C4FD7 /* Pods */ = {
			isa = PBXGroup;
			children = (
				C540C266C23489429CD27993 /* Pods-Api Calling2.debug.xcconfig */,
				CE6BE48508630D31BDAD21C9 /* Pods-Api Calling2.release.xcconfig */,
			);
			name = Pods;
			path = Pods;
			sourceTree = "<group>";
		};
		52E0BBA3EBC0306B2E03A60E /* Frameworks */ = {
			isa = PBXGroup;
			children = (
				A932D9E7C71C7C81CEEFC0F7 /* Pods_Api_Calling2.framework */,
			);
			name = Frameworks;
			sourceTree = "<group>";
		};
/* End PBXGroup section */

/* Begin PBXNativeTarget section */
		184CE29B2A7D5931006D5CEC /* Api Calling2 */ = {
			isa = PBXNativeTarget;
			buildConfigurationList = 184CE2B02A7D5933006D5CEC /* Build configuration list for PBXNativeTarget "Api Calling2" */;
			buildPhases = (
				88FDD92207704F772C47CC3E /* [CP] Check Pods Manifest.lock */,
				184CE2982A7D5931006D5CEC /* Sources */,
				184CE2992A7D5931006D5CEC /* Frameworks */,
				184CE29A2A7D5931006D5CEC /* Resources */,
				0C8FEEE52B3728ECE6F34718 /* [CP] Embed Pods Frameworks */,
			);
			buildRules = (
			);
			dependencies = (
			);
			name = "Api Calling2";
			productName = "Api Calling2";
			productReference = 18B1C1F62A81F83E00FB9033 /* Api Calling2.app */;
			productType = "com.apple.product-type.application";
		};
/* End PBXNativeTarget section */

/* Begin PBXProject section */
		184CE2942A7D5931006D5CEC /* Project object */ = {
			isa = PBXProject;
			attributes = {
				BuildIndependentTargetsInParallel = 1;
				LastSwiftUpdateCheck = 1430;
				LastUpgradeCheck = 1430;
				TargetAttributes = {
					184CE29B2A7D5931006D5CEC = {
						CreatedOnToolsVersion = 14.3.1;
					};
				};
			};
			buildConfigurationList = 184CE2972A7D5931006D5CEC /* Build configuration list for PBXProject "Api Calling2" */;
			compatibilityVersion = "Xcode 14.0";
			developmentRegion = en;
			hasScannedForEncodings = 0;
			knownRegions = (
				en,
				Base,
			);
			mainGroup = 184CE2932A7D5931006D5CEC;
			productRefGroup = 184CE2932A7D5931006D5CEC;
			projectDirPath = "";
			projectRoot = "";
			targets = (
				184CE29B2A7D5931006D5CEC /* Api Calling2 */,
			);
		};
/* End PBXProject section */

/* Begin PBXResourcesBuildPhase section */
		184CE29A2A7D5931006D5CEC /* Resources */ = {
			isa = PBXResourcesBuildPhase;
			buildActionMask = 2147483647;
			files = (
				184CE2AC2A7D5933006D5CEC /* LaunchScreen.storyboard in Resources */,
				184CE2A92A7D5933006D5CEC /* Assets.xcassets in Resources */,
				184CE2A72A7D5931006D5CEC /* Main.storyboard in Resources */,
			);
			runOnlyForDeploymentPostprocessing = 0;
		};
/* End PBXResourcesBuildPhase section */

/* Begin PBXShellScriptBuildPhase section */
		0C8FEEE52B3728ECE6F34718 /* [CP] Embed Pods Frameworks */ = {
			isa = PBXShellScriptBuildPhase;
			buildActionMask = 2147483647;
			files = (
			);
			inputFileListPaths = (
				"${PODS_ROOT}/Target Support Files/Pods-Api Calling2/Pods-Api Calling2-frameworks-${CONFIGURATION}-input-files.xcfilelist",
			);
			name = "[CP] Embed Pods Frameworks";
			outputFileListPaths = (
				"${PODS_ROOT}/Target Support Files/Pods-Api Calling2/Pods-Api Calling2-frameworks-${CONFIGURATION}-output-files.xcfilelist",
			);
			runOnlyForDeploymentPostprocessing = 0;
			shellPath = /bin/sh;
			shellScript = "\"${PODS_ROOT}/Target Support Files/Pods-Api Calling2/Pods-Api Calling2-frameworks.sh\"\n";
			showEnvVarsInLog = 0;
		};
		88FDD92207704F772C47CC3E /* [CP] Check Pods Manifest.lock */ = {
			isa = PBXShellScriptBuildPhase;
			buildActionMask = 2147483647;
			files = (
			);
			inputFileListPaths = (
			);
			inputPaths = (
				"${PODS_PODFILE_DIR_PATH}/Podfile.lock",
				"${PODS_ROOT}/Manifest.lock",
			);
			name = "[CP] Check Pods Manifest.lock";
			outputFileListPaths = (
			);
			outputPaths = (
				"$(DERIVED_FILE_DIR)/Pods-Api Calling2-checkManifestLockResult.txt",
			);
			runOnlyForDeploymentPostprocessing = 0;
			shellPath = /bin/sh;
			shellScript = "diff \"${PODS_PODFILE_DIR_PATH}/Podfile.lock\" \"${PODS_ROOT}/Manifest.lock\" > /dev/null\nif [ $? != 0 ] ; then\n    # print error to STDERR\n    echo \"error: The sandbox is not in sync with the Podfile.lock. Run 'pod install' or update your CocoaPods installation.\" >&2\n    exit 1\nfi\n# This output is used by Xcode 'outputs' to avoid re-running this script phase.\necho \"SUCCESS\" > \"${SCRIPT_OUTPUT_FILE_0}\"\n";
			showEnvVarsInLog = 0;
		};
/* End PBXShellScriptBuildPhase section */

/* Begin PBXSourcesBuildPhase section */
		184CE2982A7D5931006D5CEC /* Sources */ = {
			isa = PBXSourcesBuildPhase;
			buildActionMask = 2147483647;
			files = (
				184CE2A42A7D5931006D5CEC /* ViewController.swift in Sources */,
				18CA50C22A7FF7DD002C9F3B /* ViewController1.swift in Sources */,
				184CE2A02A7D5931006D5CEC /* AppDelegate.swift in Sources */,
				184CE2A22A7D5931006D5CEC /* SceneDelegate.swift in Sources */,
				182E34AB2A7D5CA3003E960A /* TableViewCell1.swift in Sources */,
			);
			runOnlyForDeploymentPostprocessing = 0;
		};
/* End PBXSourcesBuildPhase section */

/* Begin PBXVariantGroup section */
		184CE2A52A7D5931006D5CEC /* Main.storyboard */ = {
			isa = PBXVariantGroup;
			children = (
				184CE2A62A7D5931006D5CEC /* Base */,
			);
			name = Main.storyboard;
			sourceTree = "<group>";
		};
		184CE2AA2A7D5933006D5CEC /* LaunchScreen.storyboard */ = {
			isa = PBXVariantGroup;
			children = (
				184CE2AB2A7D5933006D5CEC /* Base */,
			);
			name = LaunchScreen.storyboard;
			sourceTree = "<group>";
		};
/* End PBXVariantGroup section */

/* Begin XCBuildConfiguration section */
		184CE2AE2A7D5933006D5CEC /* Debug */ = {
			isa = XCBuildConfiguration;
			buildSettings = {
				ALWAYS_SEARCH_USER_PATHS = NO;
				CLANG_ANALYZER_NONNULL = YES;
				CLANG_ANALYZER_NUMBER_OBJECT_CONVERSION = YES_AGGRESSIVE;
				CLANG_CXX_LANGUAGE_STANDARD = "gnu++20";
				CLANG_ENABLE_MODULES = YES;
				CLANG_ENABLE_OBJC_ARC = YES;
				CLANG_ENABLE_OBJC_WEAK = YES;
				CLANG_WARN_BLOCK_CAPTURE_AUTORELEASING = YES;
				CLANG_WARN_BOOL_CONVERSION = YES;
				CLANG_WARN_COMMA = YES;
				CLANG_WARN_CONSTANT_CONVERSION = YES;
				CLANG_WARN_DEPRECATED_OBJC_IMPLEMENTATIONS = YES;
				CLANG_WARN_DIRECT_OBJC_ISA_USAGE = YES_ERROR;
				CLANG_WARN_DOCUMENTATION_COMMENTS = YES;
				CLANG_WARN_EMPTY_BODY = YES;
				CLANG_WARN_ENUM_CONVERSION = YES;
				CLANG_WARN_INFINITE_RECURSION = YES;
				CLANG_WARN_INT_CONVERSION = YES;
				CLANG_WARN_NON_LITERAL_NULL_CONVERSION = YES;
				CLANG_WARN_OBJC_IMPLICIT_RETAIN_SELF = YES;
				CLANG_WARN_OBJC_LITERAL_CONVERSION = YES;
				CLANG_WARN_OBJC_ROOT_CLASS = YES_ERROR;
				CLANG_WARN_QUOTED_INCLUDE_IN_FRAMEWORK_HEADER = YES;
				CLANG_WARN_RANGE_LOOP_ANALYSIS = YES;
				CLANG_WARN_STRICT_PROTOTYPES = YES;
				CLANG_WARN_SUSPICIOUS_MOVE = YES;
				CLANG_WARN_UNGUARDED_AVAILABILITY = YES_AGGRESSIVE;
				CLANG_WARN_UNREACHABLE_CODE = YES;
				CLANG_WARN__DUPLICATE_METHOD_MATCH = YES;
				COPY_PHASE_STRIP = NO;
				DEBUG_INFORMATION_FORMAT = dwarf;
				ENABLE_STRICT_OBJC_MSGSEND = YES;
				ENABLE_TESTABILITY = YES;
				GCC_C_LANGUAGE_STANDARD = gnu11;
				GCC_DYNAMIC_NO_PIC = NO;
				GCC_NO_COMMON_BLOCKS = YES;
				GCC_OPTIMIZATION_LEVEL = 0;
				GCC_PREPROCESSOR_DEFINITIONS = (
					"DEBUG=1",
					"$(inherited)",
				);
				GCC_WARN_64_TO_32_BIT_CONVERSION = YES;
				GCC_WARN_ABOUT_RETURN_TYPE = YES_ERROR;
				GCC_WARN_UNDECLARED_SELECTOR = YES;
				GCC_WARN_UNINITIALIZED_AUTOS = YES_AGGRESSIVE;
				GCC_WARN_UNUSED_FUNCTION = YES;
				GCC_WARN_UNUSED_VARIABLE = YES;
				IPHONEOS_DEPLOYMENT_TARGET = 16.4;
				MTL_ENABLE_DEBUG_INFO = INCLUDE_SOURCE;
				MTL_FAST_MATH = YES;
				ONLY_ACTIVE_ARCH = YES;
				SDKROOT = iphoneos;
				SWIFT_ACTIVE_COMPILATION_CONDITIONS = DEBUG;
				SWIFT_OPTIMIZATION_LEVEL = "-Onone";
			};
			name = Debug;
		};
		184CE2AF2A7D5933006D5CEC /* Release */ = {
			isa = XCBuildConfiguration;
			buildSettings = {
				ALWAYS_SEARCH_USER_PATHS = NO;
				CLANG_ANALYZER_NONNULL = YES;
				CLANG_ANALYZER_NUMBER_OBJECT_CONVERSION = YES_AGGRESSIVE;
				CLANG_CXX_LANGUAGE_STANDARD = "gnu++20";
				CLANG_ENABLE_MODULES = YES;
				CLANG_ENABLE_OBJC_ARC = YES;
				CLANG_ENABLE_OBJC_WEAK = YES;
				CLANG_WARN_BLOCK_CAPTURE_AUTORELEASING = YES;
				CLANG_WARN_BOOL_CONVERSION = YES;
				CLANG_WARN_COMMA = YES;
				CLANG_WARN_CONSTANT_CONVERSION = YES;
				CLANG_WARN_DEPRECATED_OBJC_IMPLEMENTATIONS = YES;
				CLANG_WARN_DIRECT_OBJC_ISA_USAGE = YES_ERROR;
				CLANG_WARN_DOCUMENTATION_COMMENTS = YES;
				CLANG_WARN_EMPTY_BODY = YES;
				CLANG_WARN_ENUM_CONVERSION = YES;
				CLANG_WARN_INFINITE_RECURSION = YES;
				CLANG_WARN_INT_CONVERSION = YES;
				CLANG_WARN_NON_LITERAL_NULL_CONVERSION = YES;
				CLANG_WARN_OBJC_IMPLICIT_RETAIN_SELF = YES;
				CLANG_WARN_OBJC_LITERAL_CONVERSION = YES;
				CLANG_WARN_OBJC_ROOT_CLASS = YES_ERROR;
				CLANG_WARN_QUOTED_INCLUDE_IN_FRAMEWORK_HEADER = YES;
				CLANG_WARN_RANGE_LOOP_ANALYSIS = YES;
				CLANG_WARN_STRICT_PROTOTYPES = YES;
				CLANG_WARN_SUSPICIOUS_MOVE = YES;
				CLANG_WARN_UNGUARDED_AVAILABILITY = YES_AGGRESSIVE;
				CLANG_WARN_UNREACHABLE_CODE = YES;
				CLANG_WARN__DUPLICATE_METHOD_MATCH = YES;
				COPY_PHASE_STRIP = NO;
				DEBUG_INFORMATION_FORMAT = "dwarf-with-dsym";
				ENABLE_NS_ASSERTIONS = NO;
				ENABLE_STRICT_OBJC_MSGSEND = YES;
				GCC_C_LANGUAGE_STANDARD = gnu11;
				GCC_NO_COMMON_BLOCKS = YES;
				GCC_WARN_64_TO_32_BIT_CONVERSION = YES;
				GCC_WARN_ABOUT_RETURN_TYPE = YES_ERROR;
				GCC_WARN_UNDECLARED_SELECTOR = YES;
				GCC_WARN_UNINITIALIZED_AUTOS = YES_AGGRESSIVE;
				GCC_WARN_UNUSED_FUNCTION = YES;
				GCC_WARN_UNUSED_VARIABLE = YES;
				IPHONEOS_DEPLOYMENT_TARGET = 16.4;
				MTL_ENABLE_DEBUG_INFO = NO;
				MTL_FAST_MATH = YES;
				SDKROOT = iphoneos;
				SWIFT_COMPILATION_MODE = wholemodule;
				SWIFT_OPTIMIZATION_LEVEL = "-O";
				VALIDATE_PRODUCT = YES;
			};
			name = Release;
		};
		184CE2B12A7D5933006D5CEC /* Debug */ = {
			isa = XCBuildConfiguration;
			baseConfigurationReference = C540C266C23489429CD27993 /* Pods-Api Calling2.debug.xcconfig */;
			buildSettings = {
				ASSETCATALOG_COMPILER_APPICON_NAME = AppIcon;
				ASSETCATALOG_COMPILER_GLOBAL_ACCENT_COLOR_NAME = AccentColor;
				CODE_SIGN_STYLE = Automatic;
				CURRENT_PROJECT_VERSION = 1;
				DEVELOPMENT_TEAM = RGGN2GHKCW;
				GENERATE_INFOPLIST_FILE = YES;
				INFOPLIST_FILE = "Api Calling2/Info.plist";
				INFOPLIST_KEY_UIApplicationSupportsIndirectInputEvents = YES;
				INFOPLIST_KEY_UILaunchStoryboardName = LaunchScreen;
				INFOPLIST_KEY_UIMainStoryboardFile = Main;
				INFOPLIST_KEY_UISupportedInterfaceOrientations_iPad = "UIInterfaceOrientationPortrait UIInterfaceOrientationPortraitUpsideDown UIInterfaceOrientationLandscapeLeft UIInterfaceOrientationLandscapeRight";
				INFOPLIST_KEY_UISupportedInterfaceOrientations_iPhone = "UIInterfaceOrientationPortrait UIInterfaceOrientationLandscapeLeft UIInterfaceOrientationLandscapeRight";
				LD_RUNPATH_SEARCH_PATHS = (
					"$(inherited)",
					"@executable_path/Frameworks",
				);
				MARKETING_VERSION = 1.0;
				PRODUCT_BUNDLE_IDENTIFIER = "Mind-Game.Api-Calling2";
				PRODUCT_NAME = "$(TARGET_NAME)";
				SWIFT_EMIT_LOC_STRINGS = YES;
				SWIFT_VERSION = 5.0;
				TARGETED_DEVICE_FAMILY = "1,2";
			};
			name = Debug;
		};
		184CE2B22A7D5933006D5CEC /* Release */ = {
			isa = XCBuildConfiguration;
			baseConfigurationReference = CE6BE48508630D31BDAD21C9 /* Pods-Api Calling2.release.xcconfig */;
			buildSettings = {
				ASSETCATALOG_COMPILER_APPICON_NAME = AppIcon;
				ASSETCATALOG_COMPILER_GLOBAL_ACCENT_COLOR_NAME = AccentColor;
				CODE_SIGN_STYLE = Automatic;
				CURRENT_PROJECT_VERSION = 1;
				DEVELOPMENT_TEAM = RGGN2GHKCW;
				GENERATE_INFOPLIST_FILE = YES;
				INFOPLIST_FILE = "Api Calling2/Info.plist";
				INFOPLIST_KEY_UIApplicationSupportsIndirectInputEvents = YES;
				INFOPLIST_KEY_UILaunchStoryboardName = LaunchScreen;
				INFOPLIST_KEY_UIMainStoryboardFile = Main;
				INFOPLIST_KEY_UISupportedInterfaceOrientations_iPad = "UIInterfaceOrientationPortrait UIInterfaceOrientationPortraitUpsideDown UIInterfaceOrientationLandscapeLeft UIInterfaceOrientationLandscapeRight";
				INFOPLIST_KEY_UISupportedInterfaceOrientations_iPhone = "UIInterfaceOrientationPortrait UIInterfaceOrientationLandscapeLeft UIInterfaceOrientationLandscapeRight";
				LD_RUNPATH_SEARCH_PATHS = (
					"$(inherited)",
					"@executable_path/Frameworks",
				);
				MARKETING_VERSION = 1.0;
				PRODUCT_BUNDLE_IDENTIFIER = "Mind-Game.Api-Calling2";
				PRODUCT_NAME = "$(TARGET_NAME)";
				SWIFT_EMIT_LOC_STRINGS = YES;
				SWIFT_VERSION = 5.0;
				TARGETED_DEVICE_FAMILY = "1,2";
			};
			name = Release;
		};
/* End XCBuildConfiguration section */

/* Begin XCConfigurationList section */
		184CE2972A7D5931006D5CEC /* Build configuration list for PBXProject "Api Calling2" */ = {
			isa = XCConfigurationList;
			buildConfigurations = (
				184CE2AE2A7D5933006D5CEC /* Debug */,
				184CE2AF2A7D5933006D5CEC /* Release */,
			);
			defaultConfigurationIsVisible = 0;
			defaultConfigurationName = Release;
		};
		184CE2B02A7D5933006D5CEC /* Build configuration list for PBXNativeTarget "Api Calling2" */ = {
			isa = XCConfigurationList;
			buildConfigurations = (
				184CE2B12A7D5933006D5CEC /* Debug */,
				184CE2B22A7D5933006D5CEC /* Release */,
			);
			defaultConfigurationIsVisible = 0;
			defaultConfigurationName = Release;
		};
/* End XCConfigurationList section */
	};
	rootObject = 184CE2942A7D5931006D5CEC /* Project object */;
}
